
Microsoft Visual Studio Solution File, Format Version 12.00
# Visual Studio Version 16
VisualStudioVersion = 16.0.29123.88
MinimumVisualStudioVersion = 10.0.40219.1
Project("{FAE04EC0-301F-11D3-BF4B-00C04F79EFBC}") = "WordUnscrambler", "WordUnscrambler\WordUnscrambler.csproj", "{705DF66C-17CB-42E8-94CB-D14D4A05BDAC}"
EndProject
Global
	GlobalSection(SolutionConfigurationPlatforms) = preSolution
		Debug|Any CPU = Debug|Any CPU
		Release|Any CPU = Release|Any CPU
	EndGlobalSection
	GlobalSection(ProjectConfigurationPlatforms) = postSolution
		{705DF66C-17CB-42E8-94CB-D14D4A05BDAC}.Debug|Any CPU.ActiveCfg = Debug|Any CPU
		{705DF66C-17CB-42E8-94CB-D14D4A05BDAC}.Debug|Any CPU.Build.0 = Debug|Any CPU
		{705DF66C-17CB-42E8-94CB-D14D4A05BDAC}.Release|Any CPU.ActiveCfg = Release|Any CPU
		{705DF66C-17CB-42E8-94CB-D14D4A05BDAC}.Release|Any CPU.Build.0 = Release|Any CPU
	EndGlobalSection
	GlobalSection(SolutionProperties) = preSolution
		HideSolutionNode = FALSE
	EndGlobalSection
	GlobalSection(ExtensibilityGlobals) = postSolution
		SolutionGuid = {A123E4DE-C558-44E7-A8F9-9214A2D71DC2}
	EndGlobalSection
EndGlobal
