
Microsoft Visual Studio Solution File, Format Version 12.00
# Visual Studio Version 16
VisualStudioVersion = 16.0.29123.88
MinimumVisualStudioVersion = 10.0.40219.1
Project("{FAE04EC0-301F-11D3-BF4B-00C04F79EFBC}") = "WordUnscrambler", "WordUnscrambler\WordUnscrambler.csproj", "{F9FCEF60-30BF-4962-89C8-919CA5B66A16}"
EndProject
Global
	GlobalSection(SolutionConfigurationPlatforms) = preSolution
		Debug|Any CPU = Debug|Any CPU
		Release|Any CPU = Release|Any CPU
	EndGlobalSection
	GlobalSection(ProjectConfigurationPlatforms) = postSolution
		{F9FCEF60-30BF-4962-89C8-919CA5B66A16}.Debug|Any CPU.ActiveCfg = Debug|Any CPU
		{F9FCEF60-30BF-4962-89C8-919CA5B66A16}.Debug|Any CPU.Build.0 = Debug|Any CPU
		{F9FCEF60-30BF-4962-89C8-919CA5B66A16}.Release|Any CPU.ActiveCfg = Release|Any CPU
		{F9FCEF60-30BF-4962-89C8-919CA5B66A16}.Release|Any CPU.Build.0 = Release|Any CPU
	EndGlobalSection
	GlobalSection(SolutionProperties) = preSolution
		HideSolutionNode = FALSE
	EndGlobalSection
	GlobalSection(ExtensibilityGlobals) = postSolution
		SolutionGuid = {CD38FE3B-E68D-4C31-A238-D6D6FD878B3E}
	EndGlobalSection
EndGlobal
